
Microsoft Visual Studio Solution File, Format Version 12.00
# Visual Studio 2012
Project("{FAE04EC0-301F-11D3-BF4B-00C04F79EFBC}") = "MyMarkParser", "MyMarkParser\MyMarkParser.csproj", "{3208DF43-BC49-4E2D-97C3-CF3B4FE47807}"
EndProject
Global
	GlobalSection(SolutionConfigurationPlatforms) = preSolution
		Debug|Any CPU = Debug|Any CPU
		Release|Any CPU = Release|Any CPU
	EndGlobalSection
	GlobalSection(ProjectConfigurationPlatforms) = postSolution
		{3208DF43-BC49-4E2D-97C3-CF3B4FE47807}.Debug|Any CPU.ActiveCfg = Debug|Any CPU
		{3208DF43-BC49-4E2D-97C3-CF3B4FE47807}.Debug|Any CPU.Build.0 = Debug|Any CPU
		{3208DF43-BC49-4E2D-97C3-CF3B4FE47807}.Release|Any CPU.ActiveCfg = Release|Any CPU
		{3208DF43-BC49-4E2D-97C3-CF3B4FE47807}.Release|Any CPU.Build.0 = Release|Any CPU
	EndGlobalSection
	GlobalSection(SolutionProperties) = preSolution
		HideSolutionNode = FALSE
	EndGlobalSection
EndGlobal
